// !$*UTF8*$!
{
	archiveVersion = 1;
	classes = {
	};
	objectVersion = 46;
	objects = {

/* Begin PBXBuildFile section */
		4032524619885082435664B5 /* Pods_Geopoll.framework in Frameworks */ = {isa = PBXBuildFile; fileRef = 19DD5210C20AC7983158A0A5 /* Pods_Geopoll.framework */; };
		4C3C6BBC1DBD73E1007208EF /* QuestionsTableViewController.swift in Sources */ = {isa = PBXBuildFile; fileRef = 4C3C6BBB1DBD73E1007208EF /* QuestionsTableViewController.swift */; };
		4C3C6BBE1DBD743C007208EF /* Question.swift in Sources */ = {isa = PBXBuildFile; fileRef = 4C3C6BBD1DBD743C007208EF /* Question.swift */; };
		4C3C6BC41DBDB205007208EF /* QuestionTableViewCell.swift in Sources */ = {isa = PBXBuildFile; fileRef = 4C3C6BC31DBDB205007208EF /* QuestionTableViewCell.swift */; };
		4C3C6BC61DBDC221007208EF /* TabBarController.swift in Sources */ = {isa = PBXBuildFile; fileRef = 4C3C6BC51DBDC221007208EF /* TabBarController.swift */; };
		4C694E801DC01DD100168850 /* AddPollViewController.swift in Sources */ = {isa = PBXBuildFile; fileRef = 4C694E7F1DC01DD100168850 /* AddPollViewController.swift */; };
		8A4A52801D9B470D00128602 /* AppDelegate.swift in Sources */ = {isa = PBXBuildFile; fileRef = 8A4A527F1D9B470D00128602 /* AppDelegate.swift */; };
		8A4A52821D9B470D00128602 /* ViewController.swift in Sources */ = {isa = PBXBuildFile; fileRef = 8A4A52811D9B470D00128602 /* ViewController.swift */; };
		8A4A52851D9B470D00128602 /* Main.storyboard in Resources */ = {isa = PBXBuildFile; fileRef = 8A4A52831D9B470D00128602 /* Main.storyboard */; };
		8A4A52871D9B470D00128602 /* Assets.xcassets in Resources */ = {isa = PBXBuildFile; fileRef = 8A4A52861D9B470D00128602 /* Assets.xcassets */; };
		8A4A528A1D9B470D00128602 /* LaunchScreen.storyboard in Resources */ = {isa = PBXBuildFile; fileRef = 8A4A52881D9B470D00128602 /* LaunchScreen.storyboard */; };
		8AEC279B1DB1814A00F33203 /* SignInController.swift in Sources */ = {isa = PBXBuildFile; fileRef = 8AEC279A1DB1814A00F33203 /* SignInController.swift */; };
		AB6B66461DC287740073F93C /* SettingsViewController.swift in Sources */ = {isa = PBXBuildFile; fileRef = AB6B66451DC287740073F93C /* SettingsViewController.swift */; };
		ABB0A1261DC09030003465B2 /* VoteViewController.swift in Sources */ = {isa = PBXBuildFile; fileRef = ABB0A1251DC09030003465B2 /* VoteViewController.swift */; };
		ABE890EB1DBC44880015BD55 /* GoogleService-Info.plist in Resources */ = {isa = PBXBuildFile; fileRef = ABE890EA1DBC44880015BD55 /* GoogleService-Info.plist */; };
/* End PBXBuildFile section */

/* Begin PBXFileReference section */
		19DD5210C20AC7983158A0A5 /* Pods_Geopoll.framework */ = {isa = PBXFileReference; explicitFileType = wrapper.framework; includeInIndex = 0; path = Pods_Geopoll.framework; sourceTree = BUILT_PRODUCTS_DIR; };
		4C3C6BBB1DBD73E1007208EF /* QuestionsTableViewController.swift */ = {isa = PBXFileReference; fileEncoding = 4; lastKnownFileType = sourcecode.swift; path = QuestionsTableViewController.swift; sourceTree = "<group>"; };
		4C3C6BBD1DBD743C007208EF /* Question.swift */ = {isa = PBXFileReference; fileEncoding = 4; lastKnownFileType = sourcecode.swift; path = Question.swift; sourceTree = "<group>"; };
		4C3C6BC31DBDB205007208EF /* QuestionTableViewCell.swift */ = {isa = PBXFileReference; fileEncoding = 4; lastKnownFileType = sourcecode.swift; path = QuestionTableViewCell.swift; sourceTree = "<group>"; };
		4C3C6BC51DBDC221007208EF /* TabBarController.swift */ = {isa = PBXFileReference; fileEncoding = 4; lastKnownFileType = sourcecode.swift; path = TabBarController.swift; sourceTree = "<group>"; };
		4C694E7F1DC01DD100168850 /* AddPollViewController.swift */ = {isa = PBXFileReference; fileEncoding = 4; lastKnownFileType = sourcecode.swift; path = AddPollViewController.swift; sourceTree = "<group>"; };
		7B0855CDB641B20C59B3763D /* Pods-Geopoll.release.xcconfig */ = {isa = PBXFileReference; includeInIndex = 1; lastKnownFileType = text.xcconfig; name = "Pods-Geopoll.release.xcconfig"; path = "Pods/Target Support Files/Pods-Geopoll/Pods-Geopoll.release.xcconfig"; sourceTree = "<group>"; };
		8A4A527C1D9B470D00128602 /* Geopoll.app */ = {isa = PBXFileReference; explicitFileType = wrapper.application; includeInIndex = 0; path = Geopoll.app; sourceTree = BUILT_PRODUCTS_DIR; };
		8A4A527F1D9B470D00128602 /* AppDelegate.swift */ = {isa = PBXFileReference; lastKnownFileType = sourcecode.swift; path = AppDelegate.swift; sourceTree = "<group>"; };
		8A4A52811D9B470D00128602 /* ViewController.swift */ = {isa = PBXFileReference; lastKnownFileType = sourcecode.swift; path = ViewController.swift; sourceTree = "<group>"; };
		8A4A52841D9B470D00128602 /* Base */ = {isa = PBXFileReference; lastKnownFileType = file.storyboard; name = Base; path = Base.lproj/Main.storyboard; sourceTree = "<group>"; };
		8A4A52861D9B470D00128602 /* Assets.xcassets */ = {isa = PBXFileReference; lastKnownFileType = folder.assetcatalog; path = Assets.xcassets; sourceTree = "<group>"; };
		8A4A52891D9B470D00128602 /* Base */ = {isa = PBXFileReference; lastKnownFileType = file.storyboard; name = Base; path = Base.lproj/LaunchScreen.storyboard; sourceTree = "<group>"; };
		8A4A528B1D9B470D00128602 /* Info.plist */ = {isa = PBXFileReference; lastKnownFileType = text.plist.xml; path = Info.plist; sourceTree = "<group>"; };
		8AEC279A1DB1814A00F33203 /* SignInController.swift */ = {isa = PBXFileReference; fileEncoding = 4; lastKnownFileType = sourcecode.swift; path = SignInController.swift; sourceTree = "<group>"; };
		AB6B66451DC287740073F93C /* SettingsViewController.swift */ = {isa = PBXFileReference; fileEncoding = 4; lastKnownFileType = sourcecode.swift; path = SettingsViewController.swift; sourceTree = "<group>"; };
		ABB0A1251DC09030003465B2 /* VoteViewController.swift */ = {isa = PBXFileReference; fileEncoding = 4; lastKnownFileType = sourcecode.swift; path = VoteViewController.swift; sourceTree = "<group>"; };
		ABE890EA1DBC44880015BD55 /* GoogleService-Info.plist */ = {isa = PBXFileReference; fileEncoding = 4; lastKnownFileType = text.plist.xml; path = "GoogleService-Info.plist"; sourceTree = "<group>"; };
		ABE890EC1DBC50510015BD55 /* Geopoll.entitlements */ = {isa = PBXFileReference; lastKnownFileType = text.plist.entitlements; path = Geopoll.entitlements; sourceTree = "<group>"; };
		FD7FB3FB07ED63CB37B6DBA0 /* Pods-Geopoll.debug.xcconfig */ = {isa = PBXFileReference; includeInIndex = 1; lastKnownFileType = text.xcconfig; name = "Pods-Geopoll.debug.xcconfig"; path = "Pods/Target Support Files/Pods-Geopoll/Pods-Geopoll.debug.xcconfig"; sourceTree = "<group>"; };
/* End PBXFileReference section */

/* Begin PBXFrameworksBuildPhase section */
		8A4A52791D9B470D00128602 /* Frameworks */ = {
			isa = PBXFrameworksBuildPhase;
			buildActionMask = 2147483647;
			files = (
				4032524619885082435664B5 /* Pods_Geopoll.framework in Frameworks */,
			);
			runOnlyForDeploymentPostprocessing = 0;
		};
/* End PBXFrameworksBuildPhase section */

/* Begin PBXGroup section */
		4648C38F72601104C9D3480A /* Pods */ = {
			isa = PBXGroup;
			children = (
				FD7FB3FB07ED63CB37B6DBA0 /* Pods-Geopoll.debug.xcconfig */,
				7B0855CDB641B20C59B3763D /* Pods-Geopoll.release.xcconfig */,
			);
			name = Pods;
			sourceTree = "<group>";
		};
		8A4A52731D9B470D00128602 = {
			isa = PBXGroup;
			children = (
				8A4A527E1D9B470D00128602 /* Geopoll */,
				8A4A527D1D9B470D00128602 /* Products */,
				4648C38F72601104C9D3480A /* Pods */,
				F13D9DCE9A5076223B0B98AC /* Frameworks */,
			);
			sourceTree = "<group>";
		};
		8A4A527D1D9B470D00128602 /* Products */ = {
			isa = PBXGroup;
			children = (
				8A4A527C1D9B470D00128602 /* Geopoll.app */,
			);
			name = Products;
			sourceTree = "<group>";
		};
		8A4A527E1D9B470D00128602 /* Geopoll */ = {
			isa = PBXGroup;
			children = (
				ABE890EC1DBC50510015BD55 /* Geopoll.entitlements */,
				ABE890EA1DBC44880015BD55 /* GoogleService-Info.plist */,
				8A4A527F1D9B470D00128602 /* AppDelegate.swift */,
				8A4A52811D9B470D00128602 /* ViewController.swift */,
				8A4A52831D9B470D00128602 /* Main.storyboard */,
				AB6B66451DC287740073F93C /* SettingsViewController.swift */,
				ABB0A1251DC09030003465B2 /* VoteViewController.swift */,
				8AEC279A1DB1814A00F33203 /* SignInController.swift */,
				4C694E7F1DC01DD100168850 /* AddPollViewController.swift */,
				4C3C6BBB1DBD73E1007208EF /* QuestionsTableViewController.swift */,
				8A4A52861D9B470D00128602 /* Assets.xcassets */,
				8A4A52881D9B470D00128602 /* LaunchScreen.storyboard */,
				8A4A528B1D9B470D00128602 /* Info.plist */,
				4C3C6BBD1DBD743C007208EF /* Question.swift */,
				4C3C6BC31DBDB205007208EF /* QuestionTableViewCell.swift */,
				4C3C6BC51DBDC221007208EF /* TabBarController.swift */,
			);
			path = Geopoll;
			sourceTree = "<group>";
		};
		F13D9DCE9A5076223B0B98AC /* Frameworks */ = {
			isa = PBXGroup;
			children = (
				19DD5210C20AC7983158A0A5 /* Pods_Geopoll.framework */,
			);
			name = Frameworks;
			sourceTree = "<group>";
		};
/* End PBXGroup section */

/* Begin PBXNativeTarget section */
		8A4A527B1D9B470D00128602 /* Geopoll */ = {
			isa = PBXNativeTarget;
			buildConfigurationList = 8A4A528E1D9B470D00128602 /* Build configuration list for PBXNativeTarget "Geopoll" */;
			buildPhases = (
				A1083DF3F06C580849CC5D5D /* 📦 Check Pods Manifest.lock */,
				8A4A52781D9B470D00128602 /* Sources */,
				8A4A52791D9B470D00128602 /* Frameworks */,
				8A4A527A1D9B470D00128602 /* Resources */,
				C4DEAE4574ACFFE55E6EF9F5 /* 📦 Embed Pods Frameworks */,
				42A788073EBB2C8A42CD04CC /* 📦 Copy Pods Resources */,
			);
			buildRules = (
			);
			dependencies = (
			);
			name = Geopoll;
			productName = Geopoll;
			productReference = 8A4A527C1D9B470D00128602 /* Geopoll.app */;
			productType = "com.apple.product-type.application";
		};
/* End PBXNativeTarget section */

/* Begin PBXProject section */
		8A4A52741D9B470D00128602 /* Project object */ = {
			isa = PBXProject;
			attributes = {
				LastSwiftUpdateCheck = 0730;
				LastUpgradeCheck = 0730;
				ORGANIZATIONNAME = cs378Group4;
				TargetAttributes = {
					8A4A527B1D9B470D00128602 = {
						CreatedOnToolsVersion = 7.3.1;
						DevelopmentTeam = 98PV56LY99;
						LastSwiftMigration = 0800;
						SystemCapabilities = {
							com.apple.Keychain = {
								enabled = 1;
							};
						};
					};
				};
			};
			buildConfigurationList = 8A4A52771D9B470D00128602 /* Build configuration list for PBXProject "Geopoll" */;
			compatibilityVersion = "Xcode 3.2";
			developmentRegion = English;
			hasScannedForEncodings = 0;
			knownRegions = (
				en,
				Base,
			);
			mainGroup = 8A4A52731D9B470D00128602;
			productRefGroup = 8A4A527D1D9B470D00128602 /* Products */;
			projectDirPath = "";
			projectRoot = "";
			targets = (
				8A4A527B1D9B470D00128602 /* Geopoll */,
			);
		};
/* End PBXProject section */

/* Begin PBXResourcesBuildPhase section */
		8A4A527A1D9B470D00128602 /* Resources */ = {
			isa = PBXResourcesBuildPhase;
			buildActionMask = 2147483647;
			files = (
				8A4A528A1D9B470D00128602 /* LaunchScreen.storyboard in Resources */,
				ABE890EB1DBC44880015BD55 /* GoogleService-Info.plist in Resources */,
				8A4A52871D9B470D00128602 /* Assets.xcassets in Resources */,
				8A4A52851D9B470D00128602 /* Main.storyboard in Resources */,
			);
			runOnlyForDeploymentPostprocessing = 0;
		};
/* End PBXResourcesBuildPhase section */

/* Begin PBXShellScriptBuildPhase section */
		42A788073EBB2C8A42CD04CC /* 📦 Copy Pods Resources */ = {
			isa = PBXShellScriptBuildPhase;
			buildActionMask = 2147483647;
			files = (
			);
			inputPaths = (
			);
			name = "📦 Copy Pods Resources";
			outputPaths = (
			);
			runOnlyForDeploymentPostprocessing = 0;
			shellPath = /bin/sh;
			shellScript = "\"${SRCROOT}/Pods/Target Support Files/Pods-Geopoll/Pods-Geopoll-resources.sh\"\n";
			showEnvVarsInLog = 0;
		};
		A1083DF3F06C580849CC5D5D /* 📦 Check Pods Manifest.lock */ = {
			isa = PBXShellScriptBuildPhase;
			buildActionMask = 2147483647;
			files = (
			);
			inputPaths = (
			);
			name = "📦 Check Pods Manifest.lock";
			outputPaths = (
			);
			runOnlyForDeploymentPostprocessing = 0;
			shellPath = /bin/sh;
			shellScript = "diff \"${PODS_ROOT}/../Podfile.lock\" \"${PODS_ROOT}/Manifest.lock\" > /dev/null\nif [[ $? != 0 ]] ; then\n    cat << EOM\nerror: The sandbox is not in sync with the Podfile.lock. Run 'pod install' or update your CocoaPods installation.\nEOM\n    exit 1\nfi\n";
			showEnvVarsInLog = 0;
		};
		C4DEAE4574ACFFE55E6EF9F5 /* 📦 Embed Pods Frameworks */ = {
			isa = PBXShellScriptBuildPhase;
			buildActionMask = 2147483647;
			files = (
			);
			inputPaths = (
			);
			name = "📦 Embed Pods Frameworks";
			outputPaths = (
			);
			runOnlyForDeploymentPostprocessing = 0;
			shellPath = /bin/sh;
			shellScript = "\"${SRCROOT}/Pods/Target Support Files/Pods-Geopoll/Pods-Geopoll-frameworks.sh\"\n";
			showEnvVarsInLog = 0;
		};
/* End PBXShellScriptBuildPhase section */

/* Begin PBXSourcesBuildPhase section */
		8A4A52781D9B470D00128602 /* Sources */ = {
			isa = PBXSourcesBuildPhase;
			buildActionMask = 2147483647;
			files = (
				4C3C6BBE1DBD743C007208EF /* Question.swift in Sources */,
				4C3C6BC61DBDC221007208EF /* TabBarController.swift in Sources */,
				8AEC279B1DB1814A00F33203 /* SignInController.swift in Sources */,
				AB6B66461DC287740073F93C /* SettingsViewController.swift in Sources */,
				8A4A52821D9B470D00128602 /* ViewController.swift in Sources */,
				8A4A52801D9B470D00128602 /* AppDelegate.swift in Sources */,
				4C694E801DC01DD100168850 /* AddPollViewController.swift in Sources */,
				ABB0A1261DC09030003465B2 /* VoteViewController.swift in Sources */,
				4C3C6BBC1DBD73E1007208EF /* QuestionsTableViewController.swift in Sources */,
				4C3C6BC41DBDB205007208EF /* QuestionTableViewCell.swift in Sources */,
			);
			runOnlyForDeploymentPostprocessing = 0;
		};
/* End PBXSourcesBuildPhase section */

/* Begin PBXVariantGroup section */
		8A4A52831D9B470D00128602 /* Main.storyboard */ = {
			isa = PBXVariantGroup;
			children = (
				8A4A52841D9B470D00128602 /* Base */,
			);
			name = Main.storyboard;
			sourceTree = "<group>";
		};
		8A4A52881D9B470D00128602 /* LaunchScreen.storyboard */ = {
			isa = PBXVariantGroup;
			children = (
				8A4A52891D9B470D00128602 /* Base */,
			);
			name = LaunchScreen.storyboard;
			sourceTree = "<group>";
		};
/* End PBXVariantGroup section */

/* Begin XCBuildConfiguration section */
		8A4A528C1D9B470D00128602 /* Debug */ = {
			isa = XCBuildConfiguration;
			buildSettings = {
				ALWAYS_SEARCH_USER_PATHS = NO;
				CLANG_ANALYZER_NONNULL = YES;
				CLANG_CXX_LANGUAGE_STANDARD = "gnu++0x";
				CLANG_CXX_LIBRARY = "libc++";
				CLANG_ENABLE_MODULES = YES;
				CLANG_ENABLE_OBJC_ARC = YES;
				CLANG_WARN_BOOL_CONVERSION = YES;
				CLANG_WARN_CONSTANT_CONVERSION = YES;
				CLANG_WARN_DIRECT_OBJC_ISA_USAGE = YES_ERROR;
				CLANG_WARN_EMPTY_BODY = YES;
				CLANG_WARN_ENUM_CONVERSION = YES;
				CLANG_WARN_INT_CONVERSION = YES;
				CLANG_WARN_OBJC_ROOT_CLASS = YES_ERROR;
				CLANG_WARN_UNREACHABLE_CODE = YES;
				CLANG_WARN__DUPLICATE_METHOD_MATCH = YES;
				"CODE_SIGN_IDENTITY[sdk=iphoneos*]" = "iPhone Developer";
				COPY_PHASE_STRIP = NO;
				DEBUG_INFORMATION_FORMAT = dwarf;
				ENABLE_STRICT_OBJC_MSGSEND = YES;
				ENABLE_TESTABILITY = YES;
				GCC_C_LANGUAGE_STANDARD = gnu99;
				GCC_DYNAMIC_NO_PIC = NO;
				GCC_NO_COMMON_BLOCKS = YES;
				GCC_OPTIMIZATION_LEVEL = 0;
				GCC_PREPROCESSOR_DEFINITIONS = (
					"DEBUG=1",
					"$(inherited)",
				);
				GCC_WARN_64_TO_32_BIT_CONVERSION = YES;
				GCC_WARN_ABOUT_RETURN_TYPE = YES_ERROR;
				GCC_WARN_UNDECLARED_SELECTOR = YES;
				GCC_WARN_UNINITIALIZED_AUTOS = YES_AGGRESSIVE;
				GCC_WARN_UNUSED_FUNCTION = YES;
				GCC_WARN_UNUSED_VARIABLE = YES;
				IPHONEOS_DEPLOYMENT_TARGET = 9.3;
				MTL_ENABLE_DEBUG_INFO = YES;
				ONLY_ACTIVE_ARCH = YES;
				SDKROOT = iphoneos;
				SWIFT_OPTIMIZATION_LEVEL = "-Onone";
				SWIFT_VERSION = 2.3;
				TARGETED_DEVICE_FAMILY = "1,2";
			};
			name = Debug;
		};
		8A4A528D1D9B470D00128602 /* Release */ = {
			isa = XCBuildConfiguration;
			buildSettings = {
				ALWAYS_SEARCH_USER_PATHS = NO;
				CLANG_ANALYZER_NONNULL = YES;
				CLANG_CXX_LANGUAGE_STANDARD = "gnu++0x";
				CLANG_CXX_LIBRARY = "libc++";
				CLANG_ENABLE_MODULES = YES;
				CLANG_ENABLE_OBJC_ARC = YES;
				CLANG_WARN_BOOL_CONVERSION = YES;
				CLANG_WARN_CONSTANT_CONVERSION = YES;
				CLANG_WARN_DIRECT_OBJC_ISA_USAGE = YES_ERROR;
				CLANG_WARN_EMPTY_BODY = YES;
				CLANG_WARN_ENUM_CONVERSION = YES;
				CLANG_WARN_INT_CONVERSION = YES;
				CLANG_WARN_OBJC_ROOT_CLASS = YES_ERROR;
				CLANG_WARN_UNREACHABLE_CODE = YES;
				CLANG_WARN__DUPLICATE_METHOD_MATCH = YES;
				"CODE_SIGN_IDENTITY[sdk=iphoneos*]" = "iPhone Developer";
				COPY_PHASE_STRIP = NO;
				DEBUG_INFORMATION_FORMAT = "dwarf-with-dsym";
				ENABLE_NS_ASSERTIONS = NO;
				ENABLE_STRICT_OBJC_MSGSEND = YES;
				GCC_C_LANGUAGE_STANDARD = gnu99;
				GCC_NO_COMMON_BLOCKS = YES;
				GCC_WARN_64_TO_32_BIT_CONVERSION = YES;
				GCC_WARN_ABOUT_RETURN_TYPE = YES_ERROR;
				GCC_WARN_UNDECLARED_SELECTOR = YES;
				GCC_WARN_UNINITIALIZED_AUTOS = YES_AGGRESSIVE;
				GCC_WARN_UNUSED_FUNCTION = YES;
				GCC_WARN_UNUSED_VARIABLE = YES;
				IPHONEOS_DEPLOYMENT_TARGET = 9.3;
				MTL_ENABLE_DEBUG_INFO = NO;
				SDKROOT = iphoneos;
				SWIFT_VERSION = 2.3;
				TARGETED_DEVICE_FAMILY = "1,2";
				VALIDATE_PRODUCT = YES;
			};
			name = Release;
		};
		8A4A528F1D9B470D00128602 /* Debug */ = {
			isa = XCBuildConfiguration;
			baseConfigurationReference = FD7FB3FB07ED63CB37B6DBA0 /* Pods-Geopoll.debug.xcconfig */;
			buildSettings = {
				ASSETCATALOG_COMPILER_APPICON_NAME = AppIcon;
				CODE_SIGN_ENTITLEMENTS = Geopoll/Geopoll.entitlements;
				DEVELOPMENT_TEAM = 98PV56LY99;
				INFOPLIST_FILE = Geopoll/Info.plist;
				LD_RUNPATH_SEARCH_PATHS = "$(inherited) @executable_path/Frameworks";
				PRODUCT_BUNDLE_IDENTIFIER = com.cs378Group4.Geopoll;
				PRODUCT_NAME = "$(TARGET_NAME)";
				SWIFT_VERSION = 3.0;
			};
			name = Debug;
		};
		8A4A52901D9B470D00128602 /* Release */ = {
			isa = XCBuildConfiguration;
			baseConfigurationReference = 7B0855CDB641B20C59B3763D /* Pods-Geopoll.release.xcconfig */;
			buildSettings = {
				ASSETCATALOG_COMPILER_APPICON_NAME = AppIcon;
				CODE_SIGN_ENTITLEMENTS = Geopoll/Geopoll.entitlements;
				DEVELOPMENT_TEAM = 98PV56LY99;
				INFOPLIST_FILE = Geopoll/Info.plist;
				LD_RUNPATH_SEARCH_PATHS = "$(inherited) @executable_path/Frameworks";
				PRODUCT_BUNDLE_IDENTIFIER = com.cs378Group4.Geopoll;
				PRODUCT_NAME = "$(TARGET_NAME)";
				SWIFT_VERSION = 3.0;
			};
			name = Release;
		};
/* End XCBuildConfiguration section */

/* Begin XCConfigurationList section */
		8A4A52771D9B470D00128602 /* Build configuration list for PBXProject "Geopoll" */ = {
			isa = XCConfigurationList;
			buildConfigurations = (
				8A4A528C1D9B470D00128602 /* Debug */,
				8A4A528D1D9B470D00128602 /* Release */,
			);
			defaultConfigurationIsVisible = 0;
			defaultConfigurationName = Release;
		};
		8A4A528E1D9B470D00128602 /* Build configuration list for PBXNativeTarget "Geopoll" */ = {
			isa = XCConfigurationList;
			buildConfigurations = (
				8A4A528F1D9B470D00128602 /* Debug */,
				8A4A52901D9B470D00128602 /* Release */,
			);
			defaultConfigurationIsVisible = 0;
			defaultConfigurationName = Release;
		};
/* End XCConfigurationList section */
	};
	rootObject = 8A4A52741D9B470D00128602 /* Project object */;
}
