// !$*UTF8*$!
{
	archiveVersion = 1;
	classes = {
	};
	objectVersion = 46;
	objects = {

/* Begin PBXBuildFile section */
		8A4A52801D9B470D00128602 /* AppDelegate.swift in Sources */ = {isa = PBXBuildFile; fileRef = 8A4A527F1D9B470D00128602 /* AppDelegate.swift */; };
		8A4A52821D9B470D00128602 /* ViewController.swift in Sources */ = {isa = PBXBuildFile; fileRef = 8A4A52811D9B470D00128602 /* ViewController.swift */; };
		8A4A52851D9B470D00128602 /* Main.storyboard in Resources */ = {isa = PBXBuildFile; fileRef = 8A4A52831D9B470D00128602 /* Main.storyboard */; };
		8A4A52871D9B470D00128602 /* Assets.xcassets in Resources */ = {isa = PBXBuildFile; fileRef = 8A4A52861D9B470D00128602 /* Assets.xcassets */; };
		8A4A528A1D9B470D00128602 /* LaunchScreen.storyboard in Resources */ = {isa = PBXBuildFile; fileRef = 8A4A52881D9B470D00128602 /* LaunchScreen.storyboard */; };
/* End PBXBuildFile section */

/* Begin PBXFileReference section */
		8A4A527C1D9B470D00128602 /* Geopoll.app */ = {isa = PBXFileReference; explicitFileType = wrapper.application; includeInIndex = 0; path = Geopoll.app; sourceTree = BUILT_PRODUCTS_DIR; };
		8A4A527F1D9B470D00128602 /* AppDelegate.swift */ = {isa = PBXFileReference; lastKnownFileType = sourcecode.swift; path = AppDelegate.swift; sourceTree = "<group>"; };
		8A4A52811D9B470D00128602 /* ViewController.swift */ = {isa = PBXFileReference; lastKnownFileType = sourcecode.swift; path = ViewController.swift; sourceTree = "<group>"; };
		8A4A52841D9B470D00128602 /* Base */ = {isa = PBXFileReference; lastKnownFileType = file.storyboard; name = Base; path = Base.lproj/Main.storyboard; sourceTree = "<group>"; };
		8A4A52861D9B470D00128602 /* Assets.xcassets */ = {isa = PBXFileReference; lastKnownFileType = folder.assetcatalog; path = Assets.xcassets; sourceTree = "<group>"; };
		8A4A52891D9B470D00128602 /* Base */ = {isa = PBXFileReference; lastKnownFileType = file.storyboard; name = Base; path = Base.lproj/LaunchScreen.storyboard; sourceTree = "<group>"; };
		8A4A528B1D9B470D00128602 /* Info.plist */ = {isa = PBXFileReference; lastKnownFileType = text.plist.xml; path = Info.plist; sourceTree = "<group>"; };
/* End PBXFileReference section */

/* Begin PBXFrameworksBuildPhase section */
		8A4A52791D9B470D00128602 /* Frameworks */ = {
			isa = PBXFrameworksBuildPhase;
			buildActionMask = 2147483647;
			files = (
			);
			runOnlyForDeploymentPostprocessing = 0;
		};
/* End PBXFrameworksBuildPhase section */

/* Begin PBXGroup section */
		8A4A52731D9B470D00128602 = {
			isa = PBXGroup;
			children = (
				8A4A527E1D9B470D00128602 /* Geopoll */,
				8A4A527D1D9B470D00128602 /* Products */,
			);
			sourceTree = "<group>";
		};
		8A4A527D1D9B470D00128602 /* Products */ = {
			isa = PBXGroup;
			children = (
				8A4A527C1D9B470D00128602 /* Geopoll.app */,
			);
			name = Products;
			sourceTree = "<group>";
		};
		8A4A527E1D9B470D00128602 /* Geopoll */ = {
			isa = PBXGroup;
			children = (
				8A4A527F1D9B470D00128602 /* AppDelegate.swift */,
				8A4A52811D9B470D00128602 /* ViewController.swift */,
				8A4A52831D9B470D00128602 /* Main.storyboard */,
				8A4A52861D9B470D00128602 /* Assets.xcassets */,
				8A4A52881D9B470D00128602 /* LaunchScreen.storyboard */,
				8A4A528B1D9B470D00128602 /* Info.plist */,
			);
			path = Geopoll;
			sourceTree = "<group>";
		};
/* End PBXGroup section */

/* Begin PBXNativeTarget section */
		8A4A527B1D9B470D00128602 /* Geopoll */ = {
			isa = PBXNativeTarget;
			buildConfigurationList = 8A4A528E1D9B470D00128602 /* Build configuration list for PBXNativeTarget "Geopoll" */;
			buildPhases = (
				8A4A52781D9B470D00128602 /* Sources */,
				8A4A52791D9B470D00128602 /* Frameworks */,
				8A4A527A1D9B470D00128602 /* Resources */,
			);
			buildRules = (
			);
			dependencies = (
			);
			name = Geopoll;
			productName = Geopoll;
			productReference = 8A4A527C1D9B470D00128602 /* Geopoll.app */;
			productType = "com.apple.product-type.application";
		};
/* End PBXNativeTarget section */

/* Begin PBXProject section */
		8A4A52741D9B470D00128602 /* Project object */ = {
			isa = PBXProject;
			attributes = {
				LastSwiftUpdateCheck = 0730;
				LastUpgradeCheck = 0730;
				ORGANIZATIONNAME = cs378Group4;
				TargetAttributes = {
					8A4A527B1D9B470D00128602 = {
						CreatedOnToolsVersion = 7.3.1;
					};
				};
			};
			buildConfigurationList = 8A4A52771D9B470D00128602 /* Build configuration list for PBXProject "Geopoll" */;
			compatibilityVersion = "Xcode 3.2";
			developmentRegion = English;
			hasScannedForEncodings = 0;
			knownRegions = (
				en,
				Base,
			);
			mainGroup = 8A4A52731D9B470D00128602;
			productRefGroup = 8A4A527D1D9B470D00128602 /* Products */;
			projectDirPath = "";
			projectRoot = "";
			targets = (
				8A4A527B1D9B470D00128602 /* Geopoll */,
			);
		};
/* End PBXProject section */

/* Begin PBXResourcesBuildPhase section */
		8A4A527A1D9B470D00128602 /* Resources */ = {
			isa = PBXResourcesBuildPhase;
			buildActionMask = 2147483647;
			files = (
				8A4A528A1D9B470D00128602 /* LaunchScreen.storyboard in Resources */,
				8A4A52871D9B470D00128602 /* Assets.xcassets in Resources */,
				8A4A52851D9B470D00128602 /* Main.storyboard in Resources */,
			);
			runOnlyForDeploymentPostprocessing = 0;
		};
/* End PBXResourcesBuildPhase section */

/* Begin PBXSourcesBuildPhase section */
		8A4A52781D9B470D00128602 /* Sources */ = {
			isa = PBXSourcesBuildPhase;
			buildActionMask = 2147483647;
			files = (
				8A4A52821D9B470D00128602 /* ViewController.swift in Sources */,
				8A4A52801D9B470D00128602 /* AppDelegate.swift in Sources */,
			);
			runOnlyForDeploymentPostprocessing = 0;
		};
/* End PBXSourcesBuildPhase section */

/* Begin PBXVariantGroup section */
		8A4A52831D9B470D00128602 /* Main.storyboard */ = {
			isa = PBXVariantGroup;
			children = (
				8A4A52841D9B470D00128602 /* Base */,
			);
			name = Main.storyboard;
			sourceTree = "<group>";
		};
		8A4A52881D9B470D00128602 /* LaunchScreen.storyboard */ = {
			isa = PBXVariantGroup;
			children = (
				8A4A52891D9B470D00128602 /* Base */,
			);
			name = LaunchScreen.storyboard;
			sourceTree = "<group>";
		};
/* End PBXVariantGroup section */

/* Begin XCBuildConfiguration section */
		8A4A528C1D9B470D00128602 /* Debug */ = {
			isa = XCBuildConfiguration;
			buildSettings = {
				ALWAYS_SEARCH_USER_PATHS = NO;
				CLANG_ANALYZER_NONNULL = YES;
				CLANG_CXX_LANGUAGE_STANDARD = "gnu++0x";
				CLANG_CXX_LIBRARY = "libc++";
				CLANG_ENABLE_MODULES = YES;
				CLANG_ENABLE_OBJC_ARC = YES;
				CLANG_WARN_BOOL_CONVERSION = YES;
				CLANG_WARN_CONSTANT_CONVERSION = YES;
				CLANG_WARN_DIRECT_OBJC_ISA_USAGE = YES_ERROR;
				CLANG_WARN_EMPTY_BODY = YES;
				CLANG_WARN_ENUM_CONVERSION = YES;
				CLANG_WARN_INT_CONVERSION = YES;
				CLANG_WARN_OBJC_ROOT_CLASS = YES_ERROR;
				CLANG_WARN_UNREACHABLE_CODE = YES;
				CLANG_WARN__DUPLICATE_METHOD_MATCH = YES;
				"CODE_SIGN_IDENTITY[sdk=iphoneos*]" = "iPhone Developer";
				COPY_PHASE_STRIP = NO;
				DEBUG_INFORMATION_FORMAT = dwarf;
				ENABLE_STRICT_OBJC_MSGSEND = YES;
				ENABLE_TESTABILITY = YES;
				GCC_C_LANGUAGE_STANDARD = gnu99;
				GCC_DYNAMIC_NO_PIC = NO;
				GCC_NO_COMMON_BLOCKS = YES;
				GCC_OPTIMIZATION_LEVEL = 0;
				GCC_PREPROCESSOR_DEFINITIONS = (
					"DEBUG=1",
					"$(inherited)",
				);
				GCC_WARN_64_TO_32_BIT_CONVERSION = YES;
				GCC_WARN_ABOUT_RETURN_TYPE = YES_ERROR;
				GCC_WARN_UNDECLARED_SELECTOR = YES;
				GCC_WARN_UNINITIALIZED_AUTOS = YES_AGGRESSIVE;
				GCC_WARN_UNUSED_FUNCTION = YES;
				GCC_WARN_UNUSED_VARIABLE = YES;
				IPHONEOS_DEPLOYMENT_TARGET = 9.3;
				MTL_ENABLE_DEBUG_INFO = YES;
				ONLY_ACTIVE_ARCH = YES;
				SDKROOT = iphoneos;
				SWIFT_OPTIMIZATION_LEVEL = "-Onone";
				TARGETED_DEVICE_FAMILY = "1,2";
			};
			name = Debug;
		};
		8A4A528D1D9B470D00128602 /* Release */ = {
			isa = XCBuildConfiguration;
			buildSettings = {
				ALWAYS_SEARCH_USER_PATHS = NO;
				CLANG_ANALYZER_NONNULL = YES;
				CLANG_CXX_LANGUAGE_STANDARD = "gnu++0x";
				CLANG_CXX_LIBRARY = "libc++";
				CLANG_ENABLE_MODULES = YES;
				CLANG_ENABLE_OBJC_ARC = YES;
				CLANG_WARN_BOOL_CONVERSION = YES;
				CLANG_WARN_CONSTANT_CONVERSION = YES;
				CLANG_WARN_DIRECT_OBJC_ISA_USAGE = YES_ERROR;
				CLANG_WARN_EMPTY_BODY = YES;
				CLANG_WARN_ENUM_CONVERSION = YES;
				CLANG_WARN_INT_CONVERSION = YES;
				CLANG_WARN_OBJC_ROOT_CLASS = YES_ERROR;
				CLANG_WARN_UNREACHABLE_CODE = YES;
				CLANG_WARN__DUPLICATE_METHOD_MATCH = YES;
				"CODE_SIGN_IDENTITY[sdk=iphoneos*]" = "iPhone Developer";
				COPY_PHASE_STRIP = NO;
				DEBUG_INFORMATION_FORMAT = "dwarf-with-dsym";
				ENABLE_NS_ASSERTIONS = NO;
				ENABLE_STRICT_OBJC_MSGSEND = YES;
				GCC_C_LANGUAGE_STANDARD = gnu99;
				GCC_NO_COMMON_BLOCKS = YES;
				GCC_WARN_64_TO_32_BIT_CONVERSION = YES;
				GCC_WARN_ABOUT_RETURN_TYPE = YES_ERROR;
				GCC_WARN_UNDECLARED_SELECTOR = YES;
				GCC_WARN_UNINITIALIZED_AUTOS = YES_AGGRESSIVE;
				GCC_WARN_UNUSED_FUNCTION = YES;
				GCC_WARN_UNUSED_VARIABLE = YES;
				IPHONEOS_DEPLOYMENT_TARGET = 9.3;
				MTL_ENABLE_DEBUG_INFO = NO;
				SDKROOT = iphoneos;
				TARGETED_DEVICE_FAMILY = "1,2";
				VALIDATE_PRODUCT = YES;
			};
			name = Release;
		};
		8A4A528F1D9B470D00128602 /* Debug */ = {
			isa = XCBuildConfiguration;
			buildSettings = {
				ASSETCATALOG_COMPILER_APPICON_NAME = AppIcon;
				INFOPLIST_FILE = Geopoll/Info.plist;
				LD_RUNPATH_SEARCH_PATHS = "$(inherited) @executable_path/Frameworks";
				PRODUCT_BUNDLE_IDENTIFIER = com.cs378Group4.Geopoll;
				PRODUCT_NAME = "$(TARGET_NAME)";
			};
			name = Debug;
		};
		8A4A52901D9B470D00128602 /* Release */ = {
			isa = XCBuildConfiguration;
			buildSettings = {
				ASSETCATALOG_COMPILER_APPICON_NAME = AppIcon;
				INFOPLIST_FILE = Geopoll/Info.plist;
				LD_RUNPATH_SEARCH_PATHS = "$(inherited) @executable_path/Frameworks";
				PRODUCT_BUNDLE_IDENTIFIER = com.cs378Group4.Geopoll;
				PRODUCT_NAME = "$(TARGET_NAME)";
			};
			name = Release;
		};
/* End XCBuildConfiguration section */

/* Begin XCConfigurationList section */
		8A4A52771D9B470D00128602 /* Build configuration list for PBXProject "Geopoll" */ = {
			isa = XCConfigurationList;
			buildConfigurations = (
				8A4A528C1D9B470D00128602 /* Debug */,
				8A4A528D1D9B470D00128602 /* Release */,
			);
			defaultConfigurationIsVisible = 0;
			defaultConfigurationName = Release;
		};
		8A4A528E1D9B470D00128602 /* Build configuration list for PBXNativeTarget "Geopoll" */ = {
			isa = XCConfigurationList;
			buildConfigurations = (
				8A4A528F1D9B470D00128602 /* Debug */,
				8A4A52901D9B470D00128602 /* Release */,
			);
			defaultConfigurationIsVisible = 0;
		};
/* End XCConfigurationList section */
	};
	rootObject = 8A4A52741D9B470D00128602 /* Project object */;
}
